{
  "version": "5",
  "specifiers": {
    "jsr:@reactive/utils@~0.5.232": "0.5.354",
    "jsr:@reactive/utils@~0.5.354": "0.5.354",
    "jsr:@std/assert@^1.0.19": "1.0.19",
    "jsr:@std/expect@^1.0.5": "1.0.19",
    "jsr:@std/internal@^1.0.12": "1.0.13",
    "jsr:@std/internal@^1.0.13": "1.0.13",
    "jsr:@std/path@^1.1.4": "1.1.4",
    "npm:@types/react@*": "19.2.14",
    "npm:mobx@*": "6.15.1",
    "npm:react@*": "19.2.5",
    "npm:yaml@2": "2.9.0",
    "npm:zod@4": "4.4.3"
  },
  "jsr": {
    "@reactive/utils@0.5.354": {
      "integrity": "4fd4c05f0971864e24842190f2cf1d8817f9d523f015e1de12b06c5c45c0dd31",
      "dependencies": [
        "jsr:@reactive/utils@~0.5.354",
        "npm:@types/react",
        "npm:mobx",
        "npm:react",
        "npm:zod"
      ]
    },
    "@std/assert@1.0.19": {
      "integrity": "eaada96ee120cb980bc47e040f82814d786fe8162ecc53c91d8df60b8755991e",
      "dependencies": [
        "jsr:@std/internal@^1.0.12"
      ]
    },
    "@std/expect@1.0.19": {
      "integrity": "25271785688c7ff902fa54875d6aa4001f552c5578f7f0fefb5b5aac1fc2ed8a",
      "dependencies": [
        "jsr:@std/assert",
        "jsr:@std/internal@^1.0.13",
        "jsr:@std/path"
      ]
    },
    "@std/internal@1.0.13": {
      "integrity": "2f9546691d4ac2d32859c82dff284aaeac980ddeca38430d07941e7e288725c0"
    },
    "@std/path@1.1.4": {
      "integrity": "1d2d43f39efb1b42f0b1882a25486647cb851481862dc7313390b2bb044314b5",
      "dependencies": [
        "jsr:@std/internal@^1.0.12"
      ]
    }
  },
  "npm": {
    "@types/react@19.2.14": {
      "integrity": "sha512-ilcTH/UniCkMdtexkoCN0bI7pMcJDvmQFPvuPvmEaYA/NSfFTAgdUSLAoVjaRJm7+6PvcM+q1zYOwS4wTYMF9w==",
      "dependencies": [
        "csstype"
      ]
    },
    "csstype@3.2.3": {
      "integrity": "sha512-z1HGKcYy2xA8AGQfwrn0PAy+PB7X/GSj3UVJW9qKyn43xWa+gl5nXmU4qqLMRzWVLFC8KusUX8T/0kCiOYpAIQ=="
    },
    "mobx@6.15.1": {
      "integrity": "sha512-QW37HNiD87H4Dy7PkPVBSwXrTYCSTH5Nwo8Yr52cPwiRIjSYFpvOOfUOhYUUkpq2U/XjWLTTAYvXYsRrdnNZxg=="
    },
    "react@19.2.5": {
      "integrity": "sha512-llUJLzz1zTUBrskt2pwZgLq59AemifIftw4aB7JxOqf1HY2FDaGDxgwpAPVzHU1kdWabH7FauP4i1oEeer2WCA=="
    },
    "yaml@2.9.0": {
      "integrity": "sha512-2AvhNX3mb8zd6Zy7INTtSpl1F15HW6Wnqj0srWlkKLcpYl/gMIMJiyuGq2KeI2YFxUPjdlB+3Lc10seMLtL4cA==",
      "bin": true
    },
    "zod@4.4.3": {
      "integrity": "sha512-ytENFjIJFl2UwYglde2jchW2Hwm4GJFLDiSXWdTrJQBIN9Fcyp7n4DhxJEiWNAJMV1/BqWfW/kkg71UDcHJyTQ=="
    }
  }
}
